
Microsoft Visual Studio Solution File, Format Version 12.00
# Visual Studio Version 17
VisualStudioVersion = 17.12.35707.178
MinimumVisualStudioVersion = 10.0.40219.1
Project("{FAE04EC0-301F-11D3-BF4B-00C04F79EFBC}") = "VanguardDev_API", "VanguardDev_API.csproj", "{730D37FB-CADA-4D3A-A573-1AB92F9CDA16}"
EndProject
Project("{FAE04EC0-301F-11D3-BF4B-00C04F79EFBC}") = "Vanguard_DB", "..\Vanguard_DB\Vanguard_DB.csproj", "{4DA9ED70-D073-45FE-B143-57E9F7937A03}"
EndProject
Global
	GlobalSection(SolutionConfigurationPlatforms) = preSolution
		Debug|Any CPU = Debug|Any CPU
		Release|Any CPU = Release|Any CPU
	EndGlobalSection
	GlobalSection(ProjectConfigurationPlatforms) = postSolution
		{730D37FB-CADA-4D3A-A573-1AB92F9CDA16}.Debug|Any CPU.ActiveCfg = Debug|Any CPU
		{730D37FB-CADA-4D3A-A573-1AB92F9CDA16}.Debug|Any CPU.Build.0 = Debug|Any CPU
		{730D37FB-CADA-4D3A-A573-1AB92F9CDA16}.Release|Any CPU.ActiveCfg = Release|Any CPU
		{730D37FB-CADA-4D3A-A573-1AB92F9CDA16}.Release|Any CPU.Build.0 = Release|Any CPU
		{4DA9ED70-D073-45FE-B143-57E9F7937A03}.Debug|Any CPU.ActiveCfg = Debug|Any CPU
		{4DA9ED70-D073-45FE-B143-57E9F7937A03}.Debug|Any CPU.Build.0 = Debug|Any CPU
		{4DA9ED70-D073-45FE-B143-57E9F7937A03}.Release|Any CPU.ActiveCfg = Release|Any CPU
		{4DA9ED70-D073-45FE-B143-57E9F7937A03}.Release|Any CPU.Build.0 = Release|Any CPU
	EndGlobalSection
	GlobalSection(SolutionProperties) = preSolution
		HideSolutionNode = FALSE
	EndGlobalSection
EndGlobal
